
Microsoft Visual Studio Solution File, Format Version 12.00
# Visual Studio Version 17
VisualStudioVersion = 17.1.32407.343
MinimumVisualStudioVersion = 10.0.40219.1
Project("{FAE04EC0-301F-11D3-BF4B-00C04F79EFBC}") = "TestTask", "TestTask\TestTask.csproj", "{6E475170-08EF-432F-AE70-96B28B1E77DF}"
EndProject
Global
	GlobalSection(SolutionConfigurationPlatforms) = preSolution
		Debug|Any CPU = Debug|Any CPU
		Release|Any CPU = Release|Any CPU
	EndGlobalSection
	GlobalSection(ProjectConfigurationPlatforms) = postSolution
		{6E475170-08EF-432F-AE70-96B28B1E77DF}.Debug|Any CPU.ActiveCfg = Debug|Any CPU
		{6E475170-08EF-432F-AE70-96B28B1E77DF}.Debug|Any CPU.Build.0 = Debug|Any CPU
		{6E475170-08EF-432F-AE70-96B28B1E77DF}.Release|Any CPU.ActiveCfg = Release|Any CPU
		{6E475170-08EF-432F-AE70-96B28B1E77DF}.Release|Any CPU.Build.0 = Release|Any CPU
	EndGlobalSection
	GlobalSection(SolutionProperties) = preSolution
		HideSolutionNode = FALSE
	EndGlobalSection
	GlobalSection(ExtensibilityGlobals) = postSolution
		SolutionGuid = {22995A6D-8AA3-4B40-97E8-7EBA26CEE552}
	EndGlobalSection
EndGlobal
